// !$*UTF8*$!
{
	archiveVersion = 1;
	classes = {
	};
	objectVersion = 56;
	objects = {

/* Begin PBXBuildFile section */
		09988C2FB26FDDE4638C762D /* PresetStore.swift in Sources */ = {isa = PBXBuildFile; fileRef = 91465DF5335C8B42DF85FEDA /* PresetStore.swift */; };
		0AFFBFA1D709AF48A5F63ACC /* FFmpegProgressParser.swift in Sources */ = {isa = PBXBuildFile; fileRef = 945CB9D38AAFE0EF90C4AEC0 /* FFmpegProgressParser.swift */; };
		1000000000000000000000A1 /* AppIcon.icns in Resources */ = {isa = PBXBuildFile; fileRef = 1000000000000000000000A0 /* AppIcon.icns */; };
		25ADBFAE5B2D543A75D6C64D /* EncodingQueueStore.swift in Sources */ = {isa = PBXBuildFile; fileRef = B716282A65BA26F5FD16BE1E /* EncodingQueueStore.swift */; };
		373E2FD0FE0D4467EC6FC660 /* FFprobeService.swift in Sources */ = {isa = PBXBuildFile; fileRef = 0846263DA40BBFED8934BF94 /* FFprobeService.swift */; };
		3E38A78440969CCED79787AF /* OutputPathBuilder.swift in Sources */ = {isa = PBXBuildFile; fileRef = 6B32C1A91352E8AC57462B6D /* OutputPathBuilder.swift */; };
		3EF92273EE685A747D5C9374 /* ShellQuoting.swift in Sources */ = {isa = PBXBuildFile; fileRef = 543DC76E53AE81A5AD582415 /* ShellQuoting.swift */; };
		42FB6292FB7B15B1F0DC024B /* SettingsStore.swift in Sources */ = {isa = PBXBuildFile; fileRef = 4637CB2D630FFA0471A6493D /* SettingsStore.swift */; };
		49CE1F0CB2481931C4A022EE /* AppState.swift in Sources */ = {isa = PBXBuildFile; fileRef = 260CB493CE9BCC92CD925DAE /* AppState.swift */; };
		4F9E7EF261F552464F52DFA2 /* PerformanceView.swift in Sources */ = {isa = PBXBuildFile; fileRef = 721AB875A980039CA8A52B05 /* PerformanceView.swift */; };
		5EA956F93B0347DBAB9020B3 /* FFmpegLocator.swift in Sources */ = {isa = PBXBuildFile; fileRef = 0DD21DAB1787A4261E487467 /* FFmpegLocator.swift */; };
		5FB2DA41336A7FBB962ABEF5 /* PresetIOService.swift in Sources */ = {isa = PBXBuildFile; fileRef = EC52E7F08F6B79F25D026FA1 /* PresetIOService.swift */; };
		626C141CF79AA4FDA3A8791D /* FFmpegCommandBuilder.swift in Sources */ = {isa = PBXBuildFile; fileRef = B14165D862236CA1F6049109 /* FFmpegCommandBuilder.swift */; };
		6606605BEB81FF66EC5BC005 /* ParameterPanelView.swift in Sources */ = {isa = PBXBuildFile; fileRef = 7C2013F1227B0B992AA376E2 /* ParameterPanelView.swift */; };
		680706CC0379B8A8D7C3ADED /* SupportersView.swift in Sources */ = {isa = PBXBuildFile; fileRef = 14837993E6A68900A4E1D578 /* SupportersView.swift */; };
		69AE6448CFBFAF0000AA33EB /* SettingsView.swift in Sources */ = {isa = PBXBuildFile; fileRef = 7ED7F5D4D70F86CF2E067448 /* SettingsView.swift */; };
		746042AA80AB8AFF0183237D /* MediaInfoView.swift in Sources */ = {isa = PBXBuildFile; fileRef = 1CB2574719BEDBF40FECFB23 /* MediaInfoView.swift */; };
		7FC1021666304D9AF6A35D7E /* RemoteCommandServer.swift in Sources */ = {isa = PBXBuildFile; fileRef = A992C6E3067AC1FE5A8BB627 /* RemoteCommandServer.swift */; };
		81BC48C200885A50F2464BF2 /* StartPageView.swift in Sources */ = {isa = PBXBuildFile; fileRef = 430D9466864BF1654E248C6A /* StartPageView.swift */; };
		919B12D14B280CEA87AB4F16 /* MainAppView.swift in Sources */ = {isa = PBXBuildFile; fileRef = E68FD403BEEEB48255A3EE78 /* MainAppView.swift */; };
		9312410E5AE1FF4447723F14 /* MacSystemServices.swift in Sources */ = {isa = PBXBuildFile; fileRef = 861CA531057D3C37681F700D /* MacSystemServices.swift */; };
		938862640744A2A30BA50339 /* FileSizeFormatting.swift in Sources */ = {isa = PBXBuildFile; fileRef = 1173A60FC4FE74730EC7FABA /* FileSizeFormatting.swift */; };
		9A0000000000000000000001 /* Localization.swift in Sources */ = {isa = PBXBuildFile; fileRef = 9A0000000000000000000000 /* Localization.swift */; };
		A0467DC0EF1172740B0861F1 /* PrepareFilesView.swift in Sources */ = {isa = PBXBuildFile; fileRef = AC4428A1AF57F7F697422435 /* PrepareFilesView.swift */; };
		A293BBF78CA3E301684FFAEA /* MuxingView.swift in Sources */ = {isa = PBXBuildFile; fileRef = A4288C35ABAAE04CE51C0360 /* MuxingView.swift */; };
		A34A2DC5B92E167C686F88B8 /* FFmpegRunner.swift in Sources */ = {isa = PBXBuildFile; fileRef = A2CC605409D579B99B3B5A4F /* FFmpegRunner.swift */; };
		A51000000000000000000001 /* ParameterPanelTypes.swift in Sources */ = {isa = PBXBuildFile; fileRef = A50000000000000000000001 /* ParameterPanelTypes.swift */; };
		A51000000000000000000002 /* ParameterPanelControls.swift in Sources */ = {isa = PBXBuildFile; fileRef = A50000000000000000000002 /* ParameterPanelControls.swift */; };
		A51000000000000000000003 /* ParameterOptionCatalog.swift in Sources */ = {isa = PBXBuildFile; fileRef = A50000000000000000000003 /* ParameterOptionCatalog.swift */; };
		A51000000000000000000004 /* ParameterPanelPanes.swift in Sources */ = {isa = PBXBuildFile; fileRef = A50000000000000000000004 /* ParameterPanelPanes.swift */; };
		AE607FCE9F15837FE607C01A /* PerformanceMonitor.swift in Sources */ = {isa = PBXBuildFile; fileRef = E152535A46DAA1A7EA8FEA2F /* PerformanceMonitor.swift */; };
		B61000000000000000000001 /* CommandOnlyXCTests.swift in Sources */ = {isa = PBXBuildFile; fileRef = B60000000000000000000001 /* CommandOnlyXCTests.swift */; };
		B61000000000000000000002 /* XCTestCaseRunner.swift in Sources */ = {isa = PBXBuildFile; fileRef = B60000000000000000000002 /* XCTestCaseRunner.swift */; };
		B61000000000000000000003 /* TestSupport.swift in Sources */ = {isa = PBXBuildFile; fileRef = A60000000000000000000005 /* TestSupport.swift */; };
		B61000000000000000000004 /* CommandOnlyTests.swift in Sources */ = {isa = PBXBuildFile; fileRef = A60000000000000000000006 /* CommandOnlyTests.swift */; };
		B61000000000000000000005 /* RuntimeTests.swift in Sources */ = {isa = PBXBuildFile; fileRef = A60000000000000000000007 /* RuntimeTests.swift */; };
		B61000000000000000000006 /* FFmpegRuntimeXCTests.swift in Sources */ = {isa = PBXBuildFile; fileRef = B60000000000000000000004 /* FFmpegRuntimeXCTests.swift */; };
		B61000000000000000000007 /* XCTestCaseRunner.swift in Sources */ = {isa = PBXBuildFile; fileRef = B60000000000000000000002 /* XCTestCaseRunner.swift */; };
		B61000000000000000000008 /* TestSupport.swift in Sources */ = {isa = PBXBuildFile; fileRef = A60000000000000000000005 /* TestSupport.swift */; };
		B61000000000000000000009 /* CommandOnlyTests.swift in Sources */ = {isa = PBXBuildFile; fileRef = A60000000000000000000006 /* CommandOnlyTests.swift */; };
		B6100000000000000000000A /* RuntimeTests.swift in Sources */ = {isa = PBXBuildFile; fileRef = A60000000000000000000007 /* RuntimeTests.swift */; };
		B6100000000000000000000B /* FeatureCommandOnlyTests.swift in Sources */ = {isa = PBXBuildFile; fileRef = A60000000000000000000009 /* FeatureCommandOnlyTests.swift */; };
		B6100000000000000000000C /* FeatureRuntimeTests.swift in Sources */ = {isa = PBXBuildFile; fileRef = A6000000000000000000000A /* FeatureRuntimeTests.swift */; };
		B6100000000000000000000D /* FeatureCommandOnlyXCTests.swift in Sources */ = {isa = PBXBuildFile; fileRef = B60000000000000000000009 /* FeatureCommandOnlyXCTests.swift */; };
		B6100000000000000000000E /* FeatureCommandOnlyTests.swift in Sources */ = {isa = PBXBuildFile; fileRef = A60000000000000000000009 /* FeatureCommandOnlyTests.swift */; };
		B6100000000000000000000F /* FeatureRuntimeTests.swift in Sources */ = {isa = PBXBuildFile; fileRef = A6000000000000000000000A /* FeatureRuntimeTests.swift */; };
		B61000000000000000000010 /* FeatureRuntimeXCTests.swift in Sources */ = {isa = PBXBuildFile; fileRef = B6000000000000000000000A /* FeatureRuntimeXCTests.swift */; };
		B7F7642A7783EF0C295795A7 /* AppSettings.swift in Sources */ = {isa = PBXBuildFile; fileRef = 9D67A0C97724FBBA4D0753C3 /* AppSettings.swift */; };
		C10000000000000000000001 /* QualityAssessment.swift in Sources */ = {isa = PBXBuildFile; fileRef = C00000000000000000000001 /* QualityAssessment.swift */; };
		C10000000000000000000002 /* MuxingCommandBuilder.swift in Sources */ = {isa = PBXBuildFile; fileRef = C00000000000000000000002 /* MuxingCommandBuilder.swift */; };
		C10000000000000000000003 /* MergingCommandBuilder.swift in Sources */ = {isa = PBXBuildFile; fileRef = C00000000000000000000003 /* MergingCommandBuilder.swift */; };
		C10000000000000000000004 /* QualityAssessmentRunner.swift in Sources */ = {isa = PBXBuildFile; fileRef = C00000000000000000000004 /* QualityAssessmentRunner.swift */; };
		C10000000000000000000005 /* QualityAssessmentStore.swift in Sources */ = {isa = PBXBuildFile; fileRef = C00000000000000000000005 /* QualityAssessmentStore.swift */; };
		C10000000000000000000006 /* MergingView.swift in Sources */ = {isa = PBXBuildFile; fileRef = C00000000000000000000006 /* MergingView.swift */; };
		C10000000000000000000007 /* QualityAssessmentView.swift in Sources */ = {isa = PBXBuildFile; fileRef = C00000000000000000000007 /* QualityAssessmentView.swift */; };
		C10000000000000000000008 /* PluginExtensionView.swift in Sources */ = {isa = PBXBuildFile; fileRef = C00000000000000000000008 /* PluginExtensionView.swift */; };
		C10000000000000000000009 /* ToolPageUtilities.swift in Sources */ = {isa = PBXBuildFile; fileRef = C00000000000000000000009 /* ToolPageUtilities.swift */; };
		CF505AD32FE0EF1A00756E8C /* FFmpegFreeSwiftUIApp.swift in Sources */ = {isa = PBXBuildFile; fileRef = CF505AD12FE0EF1A00756E8C /* FFmpegFreeSwiftUIApp.swift */; };
		D324F3D8E10B5689443F028D /* FFplayView.swift in Sources */ = {isa = PBXBuildFile; fileRef = 7B92574834D7D4D738B816EE /* FFplayView.swift */; };
		DF83C9BE26E5B679216F46D3 /* EncodingTask.swift in Sources */ = {isa = PBXBuildFile; fileRef = A4B6E6C7B6EF8DBE00475AB5 /* EncodingTask.swift */; };
		F2345A65360D151D95611EA6 /* EncodeQueueView.swift in Sources */ = {isa = PBXBuildFile; fileRef = 46D7C293DB9AAE2994F3859C /* EncodeQueueView.swift */; };
		F9F2CCBE0BD881B6D243E018 /* PresetData.swift in Sources */ = {isa = PBXBuildFile; fileRef = CAEE752393C4B6B0FAEFB319 /* PresetData.swift */; };
/* End PBXBuildFile section */

/* Begin PBXContainerItemProxy section */
		B66000000000000000000001 /* PBXContainerItemProxy */ = {
			isa = PBXContainerItemProxy;
			containerPortal = 46F86FAA6BBF9AC94A7E4595 /* Project object */;
			proxyType = 1;
			remoteGlobalIDString = 42AEFBAE01D2DFD981F7DA7D;
			remoteInfo = FFmpegFreeSwiftUI;
		};
		B66000000000000000000002 /* PBXContainerItemProxy */ = {
			isa = PBXContainerItemProxy;
			containerPortal = 46F86FAA6BBF9AC94A7E4595 /* Project object */;
			proxyType = 1;
			remoteGlobalIDString = 42AEFBAE01D2DFD981F7DA7D;
			remoteInfo = FFmpegFreeSwiftUI;
		};
/* End PBXContainerItemProxy section */

/* Begin PBXFileReference section */
		0846263DA40BBFED8934BF94 /* FFprobeService.swift */ = {isa = PBXFileReference; lastKnownFileType = sourcecode.swift; path = FFprobeService.swift; sourceTree = "<group>"; };
		0DD21DAB1787A4261E487467 /* FFmpegLocator.swift */ = {isa = PBXFileReference; lastKnownFileType = sourcecode.swift; path = FFmpegLocator.swift; sourceTree = "<group>"; };
		1000000000000000000000A0 /* AppIcon.icns */ = {isa = PBXFileReference; lastKnownFileType = image.icns; path = AppIcon.icns; sourceTree = "<group>"; };
		1000000000000000000000A3 /* Info.plist */ = {isa = PBXFileReference; lastKnownFileType = text.plist.xml; path = Info.plist; sourceTree = "<group>"; };
		1173A60FC4FE74730EC7FABA /* FileSizeFormatting.swift */ = {isa = PBXFileReference; lastKnownFileType = sourcecode.swift; path = FileSizeFormatting.swift; sourceTree = "<group>"; };
		14837993E6A68900A4E1D578 /* SupportersView.swift */ = {isa = PBXFileReference; lastKnownFileType = sourcecode.swift; path = SupportersView.swift; sourceTree = "<group>"; };
		1CB2574719BEDBF40FECFB23 /* MediaInfoView.swift */ = {isa = PBXFileReference; lastKnownFileType = sourcecode.swift; path = MediaInfoView.swift; sourceTree = "<group>"; };
		260CB493CE9BCC92CD925DAE /* AppState.swift */ = {isa = PBXFileReference; lastKnownFileType = sourcecode.swift; path = AppState.swift; sourceTree = "<group>"; };
		430D9466864BF1654E248C6A /* StartPageView.swift */ = {isa = PBXFileReference; lastKnownFileType = sourcecode.swift; path = StartPageView.swift; sourceTree = "<group>"; };
		4637CB2D630FFA0471A6493D /* SettingsStore.swift */ = {isa = PBXFileReference; lastKnownFileType = sourcecode.swift; path = SettingsStore.swift; sourceTree = "<group>"; };
		46D7C293DB9AAE2994F3859C /* EncodeQueueView.swift */ = {isa = PBXFileReference; lastKnownFileType = sourcecode.swift; path = EncodeQueueView.swift; sourceTree = "<group>"; };
		543DC76E53AE81A5AD582415 /* ShellQuoting.swift */ = {isa = PBXFileReference; lastKnownFileType = sourcecode.swift; path = ShellQuoting.swift; sourceTree = "<group>"; };
		6B32C1A91352E8AC57462B6D /* OutputPathBuilder.swift */ = {isa = PBXFileReference; lastKnownFileType = sourcecode.swift; path = OutputPathBuilder.swift; sourceTree = "<group>"; };
		721AB875A980039CA8A52B05 /* PerformanceView.swift */ = {isa = PBXFileReference; lastKnownFileType = sourcecode.swift; path = PerformanceView.swift; sourceTree = "<group>"; };
		7B92574834D7D4D738B816EE /* FFplayView.swift */ = {isa = PBXFileReference; lastKnownFileType = sourcecode.swift; path = FFplayView.swift; sourceTree = "<group>"; };
		7C2013F1227B0B992AA376E2 /* ParameterPanelView.swift */ = {isa = PBXFileReference; lastKnownFileType = sourcecode.swift; path = ParameterPanelView.swift; sourceTree = "<group>"; };
		7ED7F5D4D70F86CF2E067448 /* SettingsView.swift */ = {isa = PBXFileReference; lastKnownFileType = sourcecode.swift; path = SettingsView.swift; sourceTree = "<group>"; };
		861CA531057D3C37681F700D /* MacSystemServices.swift */ = {isa = PBXFileReference; lastKnownFileType = sourcecode.swift; path = MacSystemServices.swift; sourceTree = "<group>"; };
		91465DF5335C8B42DF85FEDA /* PresetStore.swift */ = {isa = PBXFileReference; lastKnownFileType = sourcecode.swift; path = PresetStore.swift; sourceTree = "<group>"; };
		945CB9D38AAFE0EF90C4AEC0 /* FFmpegProgressParser.swift */ = {isa = PBXFileReference; lastKnownFileType = sourcecode.swift; path = FFmpegProgressParser.swift; sourceTree = "<group>"; };
		99006388588CE7D539A04F10 /* FFmpegFreeSwiftUI.app */ = {isa = PBXFileReference; explicitFileType = wrapper.application; includeInIndex = 0; path = FFmpegFreeSwiftUI.app; sourceTree = BUILT_PRODUCTS_DIR; };
		9A0000000000000000000000 /* Localization.swift */ = {isa = PBXFileReference; lastKnownFileType = sourcecode.swift; path = Localization.swift; sourceTree = "<group>"; };
		9D67A0C97724FBBA4D0753C3 /* AppSettings.swift */ = {isa = PBXFileReference; lastKnownFileType = sourcecode.swift; path = AppSettings.swift; sourceTree = "<group>"; };
		A2CC605409D579B99B3B5A4F /* FFmpegRunner.swift */ = {isa = PBXFileReference; lastKnownFileType = sourcecode.swift; path = FFmpegRunner.swift; sourceTree = "<group>"; };
		A4288C35ABAAE04CE51C0360 /* MuxingView.swift */ = {isa = PBXFileReference; lastKnownFileType = sourcecode.swift; path = MuxingView.swift; sourceTree = "<group>"; };
		A4B6E6C7B6EF8DBE00475AB5 /* EncodingTask.swift */ = {isa = PBXFileReference; lastKnownFileType = sourcecode.swift; path = EncodingTask.swift; sourceTree = "<group>"; };
		A50000000000000000000001 /* ParameterPanelTypes.swift */ = {isa = PBXFileReference; lastKnownFileType = sourcecode.swift; path = ParameterPanelTypes.swift; sourceTree = "<group>"; };
		A50000000000000000000002 /* ParameterPanelControls.swift */ = {isa = PBXFileReference; lastKnownFileType = sourcecode.swift; path = ParameterPanelControls.swift; sourceTree = "<group>"; };
		A50000000000000000000003 /* ParameterOptionCatalog.swift */ = {isa = PBXFileReference; lastKnownFileType = sourcecode.swift; path = ParameterOptionCatalog.swift; sourceTree = "<group>"; };
		A50000000000000000000004 /* ParameterPanelPanes.swift */ = {isa = PBXFileReference; lastKnownFileType = sourcecode.swift; path = ParameterPanelPanes.swift; sourceTree = "<group>"; };
		A60000000000000000000005 /* TestSupport.swift */ = {isa = PBXFileReference; lastKnownFileType = sourcecode.swift; path = TestSupport.swift; sourceTree = "<group>"; };
		A60000000000000000000006 /* CommandOnlyTests.swift */ = {isa = PBXFileReference; lastKnownFileType = sourcecode.swift; path = CommandOnlyTests.swift; sourceTree = "<group>"; };
		A60000000000000000000007 /* RuntimeTests.swift */ = {isa = PBXFileReference; lastKnownFileType = sourcecode.swift; path = RuntimeTests.swift; sourceTree = "<group>"; };
		A60000000000000000000009 /* FeatureCommandOnlyTests.swift */ = {isa = PBXFileReference; lastKnownFileType = sourcecode.swift; path = FeatureCommandOnlyTests.swift; sourceTree = "<group>"; };
		A6000000000000000000000A /* FeatureRuntimeTests.swift */ = {isa = PBXFileReference; lastKnownFileType = sourcecode.swift; path = FeatureRuntimeTests.swift; sourceTree = "<group>"; };
		A992C6E3067AC1FE5A8BB627 /* RemoteCommandServer.swift */ = {isa = PBXFileReference; lastKnownFileType = sourcecode.swift; path = RemoteCommandServer.swift; sourceTree = "<group>"; };
		AC4428A1AF57F7F697422435 /* PrepareFilesView.swift */ = {isa = PBXFileReference; lastKnownFileType = sourcecode.swift; path = PrepareFilesView.swift; sourceTree = "<group>"; };
		B14165D862236CA1F6049109 /* FFmpegCommandBuilder.swift */ = {isa = PBXFileReference; lastKnownFileType = sourcecode.swift; path = FFmpegCommandBuilder.swift; sourceTree = "<group>"; };
		B60000000000000000000001 /* CommandOnlyXCTests.swift */ = {isa = PBXFileReference; lastKnownFileType = sourcecode.swift; path = CommandOnlyXCTests.swift; sourceTree = "<group>"; };
		B60000000000000000000002 /* XCTestCaseRunner.swift */ = {isa = PBXFileReference; lastKnownFileType = sourcecode.swift; path = XCTestCaseRunner.swift; sourceTree = "<group>"; };
		B60000000000000000000003 /* FFmpegFreeSwiftUICommandOnlyTests.xctest */ = {isa = PBXFileReference; explicitFileType = wrapper.cfbundle; includeInIndex = 0; path = FFmpegFreeSwiftUICommandOnlyTests.xctest; sourceTree = BUILT_PRODUCTS_DIR; };
		B60000000000000000000004 /* FFmpegRuntimeXCTests.swift */ = {isa = PBXFileReference; lastKnownFileType = sourcecode.swift; path = FFmpegRuntimeXCTests.swift; sourceTree = "<group>"; };
		B60000000000000000000005 /* FFmpegFreeSwiftUIFFmpegTests.xctest */ = {isa = PBXFileReference; explicitFileType = wrapper.cfbundle; includeInIndex = 0; path = FFmpegFreeSwiftUIFFmpegTests.xctest; sourceTree = BUILT_PRODUCTS_DIR; };
		B60000000000000000000009 /* FeatureCommandOnlyXCTests.swift */ = {isa = PBXFileReference; lastKnownFileType = sourcecode.swift; path = FeatureCommandOnlyXCTests.swift; sourceTree = "<group>"; };
		B6000000000000000000000A /* FeatureRuntimeXCTests.swift */ = {isa = PBXFileReference; lastKnownFileType = sourcecode.swift; path = FeatureRuntimeXCTests.swift; sourceTree = "<group>"; };
		B716282A65BA26F5FD16BE1E /* EncodingQueueStore.swift */ = {isa = PBXFileReference; lastKnownFileType = sourcecode.swift; path = EncodingQueueStore.swift; sourceTree = "<group>"; };
		C00000000000000000000001 /* QualityAssessment.swift */ = {isa = PBXFileReference; lastKnownFileType = sourcecode.swift; path = QualityAssessment.swift; sourceTree = "<group>"; };
		C00000000000000000000002 /* MuxingCommandBuilder.swift */ = {isa = PBXFileReference; lastKnownFileType = sourcecode.swift; path = MuxingCommandBuilder.swift; sourceTree = "<group>"; };
		C00000000000000000000003 /* MergingCommandBuilder.swift */ = {isa = PBXFileReference; lastKnownFileType = sourcecode.swift; path = MergingCommandBuilder.swift; sourceTree = "<group>"; };
		C00000000000000000000004 /* QualityAssessmentRunner.swift */ = {isa = PBXFileReference; lastKnownFileType = sourcecode.swift; path = QualityAssessmentRunner.swift; sourceTree = "<group>"; };
		C00000000000000000000005 /* QualityAssessmentStore.swift */ = {isa = PBXFileReference; lastKnownFileType = sourcecode.swift; path = QualityAssessmentStore.swift; sourceTree = "<group>"; };
		C00000000000000000000006 /* MergingView.swift */ = {isa = PBXFileReference; lastKnownFileType = sourcecode.swift; path = MergingView.swift; sourceTree = "<group>"; };
		C00000000000000000000007 /* QualityAssessmentView.swift */ = {isa = PBXFileReference; lastKnownFileType = sourcecode.swift; path = QualityAssessmentView.swift; sourceTree = "<group>"; };
		C00000000000000000000008 /* PluginExtensionView.swift */ = {isa = PBXFileReference; lastKnownFileType = sourcecode.swift; path = PluginExtensionView.swift; sourceTree = "<group>"; };
		C00000000000000000000009 /* ToolPageUtilities.swift */ = {isa = PBXFileReference; lastKnownFileType = sourcecode.swift; path = ToolPageUtilities.swift; sourceTree = "<group>"; };
		CAEE752393C4B6B0FAEFB319 /* PresetData.swift */ = {isa = PBXFileReference; lastKnownFileType = sourcecode.swift; path = PresetData.swift; sourceTree = "<group>"; };
		CF505AD12FE0EF1A00756E8C /* FFmpegFreeSwiftUIApp.swift */ = {isa = PBXFileReference; lastKnownFileType = sourcecode.swift; path = FFmpegFreeSwiftUIApp.swift; sourceTree = "<group>"; };
		E152535A46DAA1A7EA8FEA2F /* PerformanceMonitor.swift */ = {isa = PBXFileReference; lastKnownFileType = sourcecode.swift; path = PerformanceMonitor.swift; sourceTree = "<group>"; };
		E68FD403BEEEB48255A3EE78 /* MainAppView.swift */ = {isa = PBXFileReference; lastKnownFileType = sourcecode.swift; path = MainAppView.swift; sourceTree = "<group>"; };
		EC52E7F08F6B79F25D026FA1 /* PresetIOService.swift */ = {isa = PBXFileReference; lastKnownFileType = sourcecode.swift; path = PresetIOService.swift; sourceTree = "<group>"; };
/* End PBXFileReference section */

/* Begin PBXFrameworksBuildPhase section */
		29B2D46AA747A59804D46E1F /* Frameworks */ = {
			isa = PBXFrameworksBuildPhase;
			buildActionMask = 2147483647;
			files = (
			);
			runOnlyForDeploymentPostprocessing = 0;
		};
		B63000000000000000000001 /* Frameworks */ = {
			isa = PBXFrameworksBuildPhase;
			buildActionMask = 2147483647;
			files = (
			);
			runOnlyForDeploymentPostprocessing = 0;
		};
		B63000000000000000000002 /* Frameworks */ = {
			isa = PBXFrameworksBuildPhase;
			buildActionMask = 2147483647;
			files = (
			);
			runOnlyForDeploymentPostprocessing = 0;
		};
/* End PBXFrameworksBuildPhase section */

/* Begin PBXGroup section */
		1000000000000000000000A2 /* Resources */ = {
			isa = PBXGroup;
			children = (
				1000000000000000000000A0 /* AppIcon.icns */,
				1000000000000000000000A3 /* Info.plist */,
			);
			path = Resources;
			sourceTree = "<group>";
		};
		5928955287B8089ED2177128 = {
			isa = PBXGroup;
			children = (
				D685C104AFFBCF83C7CB0FB6 /* Sources */,
				A60000000000000000000003 /* Tests */,
				BF7A2D27A78D590BDEF15AF2 /* Products */,
			);
			sourceTree = "<group>";
		};
		A10000000000000000000002 /* Models */ = {
			isa = PBXGroup;
			children = (
				9D67A0C97724FBBA4D0753C3 /* AppSettings.swift */,
				A4B6E6C7B6EF8DBE00475AB5 /* EncodingTask.swift */,
				CAEE752393C4B6B0FAEFB319 /* PresetData.swift */,
				C00000000000000000000001 /* QualityAssessment.swift */,
			);
			path = Models;
			sourceTree = "<group>";
		};
		A10000000000000000000003 /* Services */ = {
			isa = PBXGroup;
			children = (
				B14165D862236CA1F6049109 /* FFmpegCommandBuilder.swift */,
				C00000000000000000000003 /* MergingCommandBuilder.swift */,
				C00000000000000000000002 /* MuxingCommandBuilder.swift */,
				0DD21DAB1787A4261E487467 /* FFmpegLocator.swift */,
				945CB9D38AAFE0EF90C4AEC0 /* FFmpegProgressParser.swift */,
				A2CC605409D579B99B3B5A4F /* FFmpegRunner.swift */,
				0846263DA40BBFED8934BF94 /* FFprobeService.swift */,
				861CA531057D3C37681F700D /* MacSystemServices.swift */,
				6B32C1A91352E8AC57462B6D /* OutputPathBuilder.swift */,
				E152535A46DAA1A7EA8FEA2F /* PerformanceMonitor.swift */,
				EC52E7F08F6B79F25D026FA1 /* PresetIOService.swift */,
				C00000000000000000000004 /* QualityAssessmentRunner.swift */,
			);
			path = Services;
			sourceTree = "<group>";
		};
		A10000000000000000000004 /* Stores */ = {
			isa = PBXGroup;
			children = (
				260CB493CE9BCC92CD925DAE /* AppState.swift */,
				B716282A65BA26F5FD16BE1E /* EncodingQueueStore.swift */,
				91465DF5335C8B42DF85FEDA /* PresetStore.swift */,
				C00000000000000000000005 /* QualityAssessmentStore.swift */,
				A992C6E3067AC1FE5A8BB627 /* RemoteCommandServer.swift */,
				4637CB2D630FFA0471A6493D /* SettingsStore.swift */,
			);
			path = Stores;
			sourceTree = "<group>";
		};
		A10000000000000000000005 /* Views */ = {
			isa = PBXGroup;
			children = (
				46D7C293DB9AAE2994F3859C /* EncodeQueueView.swift */,
				7B92574834D7D4D738B816EE /* FFplayView.swift */,
				E68FD403BEEEB48255A3EE78 /* MainAppView.swift */,
				1CB2574719BEDBF40FECFB23 /* MediaInfoView.swift */,
				C00000000000000000000006 /* MergingView.swift */,
				A4288C35ABAAE04CE51C0360 /* MuxingView.swift */,
				A50000000000000000000005 /* ParameterPanel */,
				721AB875A980039CA8A52B05 /* PerformanceView.swift */,
				C00000000000000000000008 /* PluginExtensionView.swift */,
				C00000000000000000000007 /* QualityAssessmentView.swift */,
				AC4428A1AF57F7F697422435 /* PrepareFilesView.swift */,
				7ED7F5D4D70F86CF2E067448 /* SettingsView.swift */,
				430D9466864BF1654E248C6A /* StartPageView.swift */,
				14837993E6A68900A4E1D578 /* SupportersView.swift */,
				C00000000000000000000009 /* ToolPageUtilities.swift */,
			);
			path = Views;
			sourceTree = "<group>";
		};
		A10000000000000000000006 /* Utilities */ = {
			isa = PBXGroup;
			children = (
				1173A60FC4FE74730EC7FABA /* FileSizeFormatting.swift */,
				9A0000000000000000000000 /* Localization.swift */,
				543DC76E53AE81A5AD582415 /* ShellQuoting.swift */,
			);
			path = Utilities;
			sourceTree = "<group>";
		};
		A50000000000000000000005 /* ParameterPanel */ = {
			isa = PBXGroup;
			children = (
				7C2013F1227B0B992AA376E2 /* ParameterPanelView.swift */,
				A50000000000000000000001 /* ParameterPanelTypes.swift */,
				A50000000000000000000002 /* ParameterPanelControls.swift */,
				A50000000000000000000003 /* ParameterOptionCatalog.swift */,
				A50000000000000000000004 /* ParameterPanelPanes.swift */,
			);
			path = ParameterPanel;
			sourceTree = "<group>";
		};
		A50000000000000000000006 /* FFmpegFreeSwiftUI */ = {
			isa = PBXGroup;
			children = (
				A10000000000000000000002 /* Models */,
				A10000000000000000000003 /* Services */,
				A10000000000000000000004 /* Stores */,
				A10000000000000000000005 /* Views */,
				A10000000000000000000006 /* Utilities */,
			);
			path = FFmpegFreeSwiftUI;
			sourceTree = "<group>";
		};
		A60000000000000000000003 /* Tests */ = {
			isa = PBXGroup;
			children = (
				B60000000000000000000008 /* FFmpegFreeSwiftUIXCTestSupport */,
				B60000000000000000000006 /* FFmpegFreeSwiftUICommandOnlyTests */,
				B60000000000000000000007 /* FFmpegFreeSwiftUIFFmpegTests */,
			);
			path = Tests;
			sourceTree = "<group>";
		};
		A60000000000000000000008 /* FFmpegFreeSwiftUITestSupport */ = {
			isa = PBXGroup;
			children = (
				A60000000000000000000006 /* CommandOnlyTests.swift */,
				A60000000000000000000009 /* FeatureCommandOnlyTests.swift */,
				A6000000000000000000000A /* FeatureRuntimeTests.swift */,
				A60000000000000000000007 /* RuntimeTests.swift */,
				A60000000000000000000005 /* TestSupport.swift */,
			);
			path = FFmpegFreeSwiftUITestSupport;
			sourceTree = "<group>";
		};
		B60000000000000000000006 /* FFmpegFreeSwiftUICommandOnlyTests */ = {
			isa = PBXGroup;
			children = (
				B60000000000000000000001 /* CommandOnlyXCTests.swift */,
				B60000000000000000000009 /* FeatureCommandOnlyXCTests.swift */,
			);
			path = FFmpegFreeSwiftUICommandOnlyTests;
			sourceTree = "<group>";
		};
		B60000000000000000000007 /* FFmpegFreeSwiftUIFFmpegTests */ = {
			isa = PBXGroup;
			children = (
				B60000000000000000000004 /* FFmpegRuntimeXCTests.swift */,
				B6000000000000000000000A /* FeatureRuntimeXCTests.swift */,
			);
			path = FFmpegFreeSwiftUIFFmpegTests;
			sourceTree = "<group>";
		};
		B60000000000000000000008 /* FFmpegFreeSwiftUIXCTestSupport */ = {
			isa = PBXGroup;
			children = (
				B60000000000000000000002 /* XCTestCaseRunner.swift */,
			);
			path = FFmpegFreeSwiftUIXCTestSupport;
			sourceTree = "<group>";
		};
		BF7A2D27A78D590BDEF15AF2 /* Products */ = {
			isa = PBXGroup;
			children = (
				99006388588CE7D539A04F10 /* FFmpegFreeSwiftUI.app */,
				B60000000000000000000003 /* FFmpegFreeSwiftUICommandOnlyTests.xctest */,
				B60000000000000000000005 /* FFmpegFreeSwiftUIFFmpegTests.xctest */,
			);
			name = Products;
			sourceTree = "<group>";
		};
		CF505AD22FE0EF1A00756E8C /* FFmpegFreeSwiftUIApp */ = {
			isa = PBXGroup;
			children = (
				CF505AD12FE0EF1A00756E8C /* FFmpegFreeSwiftUIApp.swift */,
				1000000000000000000000A2 /* Resources */,
			);
			path = FFmpegFreeSwiftUIApp;
			sourceTree = "<group>";
		};
		D685C104AFFBCF83C7CB0FB6 /* Sources */ = {
			isa = PBXGroup;
			children = (
				A50000000000000000000006 /* FFmpegFreeSwiftUI */,
				CF505AD22FE0EF1A00756E8C /* FFmpegFreeSwiftUIApp */,
				A60000000000000000000008 /* FFmpegFreeSwiftUITestSupport */,
			);
			path = Sources;
			sourceTree = "<group>";
		};
/* End PBXGroup section */

/* Begin PBXNativeTarget section */
		42AEFBAE01D2DFD981F7DA7D /* FFmpegFreeSwiftUI */ = {
			isa = PBXNativeTarget;
			buildConfigurationList = DDC96F7C1D62EA89141E06E0 /* Build configuration list for PBXNativeTarget "FFmpegFreeSwiftUI" */;
			buildPhases = (
				E7209FB05162B7572F88D05E /* Sources */,
				29B2D46AA747A59804D46E1F /* Frameworks */,
				66F8606E9F0A136E2228EBCB /* Resources */,
			);
			buildRules = (
			);
			dependencies = (
			);
			name = FFmpegFreeSwiftUI;
			productName = FFmpegFreeSwiftUI;
			productReference = 99006388588CE7D539A04F10 /* FFmpegFreeSwiftUI.app */;
			productType = "com.apple.product-type.application";
		};
		B64000000000000000000001 /* FFmpegFreeSwiftUICommandOnlyTests */ = {
			isa = PBXNativeTarget;
			buildConfigurationList = B69000000000000000000001 /* Build configuration list for PBXNativeTarget "FFmpegFreeSwiftUICommandOnlyTests" */;
			buildPhases = (
				B62000000000000000000001 /* Sources */,
				B63000000000000000000001 /* Frameworks */,
				B65000000000000000000001 /* Resources */,
			);
			buildRules = (
			);
			dependencies = (
				B67000000000000000000001 /* PBXTargetDependency */,
			);
			name = FFmpegFreeSwiftUICommandOnlyTests;
			productName = FFmpegFreeSwiftUICommandOnlyTests;
			productReference = B60000000000000000000003 /* FFmpegFreeSwiftUICommandOnlyTests.xctest */;
			productType = "com.apple.product-type.bundle.unit-test";
		};
		B64000000000000000000002 /* FFmpegFreeSwiftUIFFmpegTests */ = {
			isa = PBXNativeTarget;
			buildConfigurationList = B69000000000000000000002 /* Build configuration list for PBXNativeTarget "FFmpegFreeSwiftUIFFmpegTests" */;
			buildPhases = (
				B62000000000000000000002 /* Sources */,
				B63000000000000000000002 /* Frameworks */,
				B65000000000000000000002 /* Resources */,
			);
			buildRules = (
			);
			dependencies = (
				B67000000000000000000002 /* PBXTargetDependency */,
			);
			name = FFmpegFreeSwiftUIFFmpegTests;
			productName = FFmpegFreeSwiftUIFFmpegTests;
			productReference = B60000000000000000000005 /* FFmpegFreeSwiftUIFFmpegTests.xctest */;
			productType = "com.apple.product-type.bundle.unit-test";
		};
/* End PBXNativeTarget section */

/* Begin PBXProject section */
		46F86FAA6BBF9AC94A7E4595 /* Project object */ = {
			isa = PBXProject;
			attributes = {
				BuildIndependentTargetsInParallel = 1;
				LastSwiftUpdateCheck = 1600;
				LastUpgradeCheck = 2650;
				TargetAttributes = {
					42AEFBAE01D2DFD981F7DA7D = {
						CreatedOnToolsVersion = 16.0;
					};
					B64000000000000000000001 = {
						CreatedOnToolsVersion = 16.0;
						TestTargetID = 42AEFBAE01D2DFD981F7DA7D;
					};
					B64000000000000000000002 = {
						CreatedOnToolsVersion = 16.0;
						TestTargetID = 42AEFBAE01D2DFD981F7DA7D;
					};
				};
			};
			buildConfigurationList = 3A95AC35104CF9E1A07B0B74 /* Build configuration list for PBXProject "FFmpegFreeSwiftUI" */;
			compatibilityVersion = "Xcode 14.0";
			developmentRegion = "zh-Hans";
			hasScannedForEncodings = 0;
			knownRegions = (
				en,
				Base,
				"zh-Hans",
				"zh-Hant",
			);
			mainGroup = 5928955287B8089ED2177128;
			productRefGroup = BF7A2D27A78D590BDEF15AF2 /* Products */;
			projectDirPath = "";
			projectRoot = "";
			targets = (
				42AEFBAE01D2DFD981F7DA7D /* FFmpegFreeSwiftUI */,
				B64000000000000000000001 /* FFmpegFreeSwiftUICommandOnlyTests */,
				B64000000000000000000002 /* FFmpegFreeSwiftUIFFmpegTests */,
			);
		};
/* End PBXProject section */

/* Begin PBXResourcesBuildPhase section */
		66F8606E9F0A136E2228EBCB /* Resources */ = {
			isa = PBXResourcesBuildPhase;
			buildActionMask = 2147483647;
			files = (
				1000000000000000000000A1 /* AppIcon.icns in Resources */,
			);
			runOnlyForDeploymentPostprocessing = 0;
		};
		B65000000000000000000001 /* Resources */ = {
			isa = PBXResourcesBuildPhase;
			buildActionMask = 2147483647;
			files = (
			);
			runOnlyForDeploymentPostprocessing = 0;
		};
		B65000000000000000000002 /* Resources */ = {
			isa = PBXResourcesBuildPhase;
			buildActionMask = 2147483647;
			files = (
			);
			runOnlyForDeploymentPostprocessing = 0;
		};
/* End PBXResourcesBuildPhase section */

/* Begin PBXSourcesBuildPhase section */
		B62000000000000000000001 /* Sources */ = {
			isa = PBXSourcesBuildPhase;
			buildActionMask = 2147483647;
			files = (
				B61000000000000000000001 /* CommandOnlyXCTests.swift in Sources */,
				B61000000000000000000002 /* XCTestCaseRunner.swift in Sources */,
				B61000000000000000000003 /* TestSupport.swift in Sources */,
				B61000000000000000000004 /* CommandOnlyTests.swift in Sources */,
				B61000000000000000000005 /* RuntimeTests.swift in Sources */,
				B6100000000000000000000B /* FeatureCommandOnlyTests.swift in Sources */,
				B6100000000000000000000C /* FeatureRuntimeTests.swift in Sources */,
				B6100000000000000000000D /* FeatureCommandOnlyXCTests.swift in Sources */,
			);
			runOnlyForDeploymentPostprocessing = 0;
		};
		B62000000000000000000002 /* Sources */ = {
			isa = PBXSourcesBuildPhase;
			buildActionMask = 2147483647;
			files = (
				B61000000000000000000006 /* FFmpegRuntimeXCTests.swift in Sources */,
				B61000000000000000000007 /* XCTestCaseRunner.swift in Sources */,
				B61000000000000000000008 /* TestSupport.swift in Sources */,
				B61000000000000000000009 /* CommandOnlyTests.swift in Sources */,
				B6100000000000000000000A /* RuntimeTests.swift in Sources */,
				B6100000000000000000000E /* FeatureCommandOnlyTests.swift in Sources */,
				B6100000000000000000000F /* FeatureRuntimeTests.swift in Sources */,
				B61000000000000000000010 /* FeatureRuntimeXCTests.swift in Sources */,
			);
			runOnlyForDeploymentPostprocessing = 0;
		};
		E7209FB05162B7572F88D05E /* Sources */ = {
			isa = PBXSourcesBuildPhase;
			buildActionMask = 2147483647;
			files = (
				B7F7642A7783EF0C295795A7 /* AppSettings.swift in Sources */,
				DF83C9BE26E5B679216F46D3 /* EncodingTask.swift in Sources */,
				F9F2CCBE0BD881B6D243E018 /* PresetData.swift in Sources */,
				C10000000000000000000001 /* QualityAssessment.swift in Sources */,
				626C141CF79AA4FDA3A8791D /* FFmpegCommandBuilder.swift in Sources */,
				C10000000000000000000003 /* MergingCommandBuilder.swift in Sources */,
				C10000000000000000000002 /* MuxingCommandBuilder.swift in Sources */,
				5EA956F93B0347DBAB9020B3 /* FFmpegLocator.swift in Sources */,
				0AFFBFA1D709AF48A5F63ACC /* FFmpegProgressParser.swift in Sources */,
				A34A2DC5B92E167C686F88B8 /* FFmpegRunner.swift in Sources */,
				373E2FD0FE0D4467EC6FC660 /* FFprobeService.swift in Sources */,
				9312410E5AE1FF4447723F14 /* MacSystemServices.swift in Sources */,
				3E38A78440969CCED79787AF /* OutputPathBuilder.swift in Sources */,
				AE607FCE9F15837FE607C01A /* PerformanceMonitor.swift in Sources */,
				5FB2DA41336A7FBB962ABEF5 /* PresetIOService.swift in Sources */,
				C10000000000000000000004 /* QualityAssessmentRunner.swift in Sources */,
				49CE1F0CB2481931C4A022EE /* AppState.swift in Sources */,
				25ADBFAE5B2D543A75D6C64D /* EncodingQueueStore.swift in Sources */,
				09988C2FB26FDDE4638C762D /* PresetStore.swift in Sources */,
				C10000000000000000000005 /* QualityAssessmentStore.swift in Sources */,
				7FC1021666304D9AF6A35D7E /* RemoteCommandServer.swift in Sources */,
				42FB6292FB7B15B1F0DC024B /* SettingsStore.swift in Sources */,
				938862640744A2A30BA50339 /* FileSizeFormatting.swift in Sources */,
				9A0000000000000000000001 /* Localization.swift in Sources */,
				3EF92273EE685A747D5C9374 /* ShellQuoting.swift in Sources */,
				F2345A65360D151D95611EA6 /* EncodeQueueView.swift in Sources */,
				D324F3D8E10B5689443F028D /* FFplayView.swift in Sources */,
				C10000000000000000000006 /* MergingView.swift in Sources */,
				A293BBF78CA3E301684FFAEA /* MuxingView.swift in Sources */,
				919B12D14B280CEA87AB4F16 /* MainAppView.swift in Sources */,
				746042AA80AB8AFF0183237D /* MediaInfoView.swift in Sources */,
				6606605BEB81FF66EC5BC005 /* ParameterPanelView.swift in Sources */,
				A51000000000000000000001 /* ParameterPanelTypes.swift in Sources */,
				A51000000000000000000002 /* ParameterPanelControls.swift in Sources */,
				A51000000000000000000003 /* ParameterOptionCatalog.swift in Sources */,
				A51000000000000000000004 /* ParameterPanelPanes.swift in Sources */,
				4F9E7EF261F552464F52DFA2 /* PerformanceView.swift in Sources */,
				C10000000000000000000008 /* PluginExtensionView.swift in Sources */,
				C10000000000000000000007 /* QualityAssessmentView.swift in Sources */,
				CF505AD32FE0EF1A00756E8C /* FFmpegFreeSwiftUIApp.swift in Sources */,
				A0467DC0EF1172740B0861F1 /* PrepareFilesView.swift in Sources */,
				69AE6448CFBFAF0000AA33EB /* SettingsView.swift in Sources */,
				81BC48C200885A50F2464BF2 /* StartPageView.swift in Sources */,
				680706CC0379B8A8D7C3ADED /* SupportersView.swift in Sources */,
				C10000000000000000000009 /* ToolPageUtilities.swift in Sources */,
			);
			runOnlyForDeploymentPostprocessing = 0;
		};
/* End PBXSourcesBuildPhase section */

/* Begin PBXTargetDependency section */
		B67000000000000000000001 /* PBXTargetDependency */ = {
			isa = PBXTargetDependency;
			target = 42AEFBAE01D2DFD981F7DA7D /* FFmpegFreeSwiftUI */;
			targetProxy = B66000000000000000000001 /* PBXContainerItemProxy */;
		};
		B67000000000000000000002 /* PBXTargetDependency */ = {
			isa = PBXTargetDependency;
			target = 42AEFBAE01D2DFD981F7DA7D /* FFmpegFreeSwiftUI */;
			targetProxy = B66000000000000000000002 /* PBXContainerItemProxy */;
		};
/* End PBXTargetDependency section */

/* Begin XCBuildConfiguration section */
		17234DA728CB8FFFA593E13A /* Release */ = {
			isa = XCBuildConfiguration;
			buildSettings = {
				ASSETCATALOG_COMPILER_APPICON_NAME = AppIcon;
				CODE_SIGN_IDENTITY = "-";
				CODE_SIGN_STYLE = Automatic;
				COMBINE_HIDPI_IMAGES = YES;
				CURRENT_PROJECT_VERSION = 1;
				DEAD_CODE_STRIPPING = YES;
				DEVELOPMENT_TEAM = "";
				ENABLE_HARDENED_RUNTIME = YES;
				GENERATE_INFOPLIST_FILE = NO;
				INFOPLIST_FILE = Sources/FFmpegFreeSwiftUIApp/Resources/Info.plist;
				LD_RUNPATH_SEARCH_PATHS = (
					"$(inherited)",
					"@executable_path/../Frameworks",
				);
				MACOSX_DEPLOYMENT_TARGET = 13.0;
				MARKETING_VERSION = 1.0.0;
				PRODUCT_BUNDLE_IDENTIFIER = top.ffmpegfreeui.FFmpegFreeSwiftUI;
				PRODUCT_NAME = "$(TARGET_NAME)";
				SWIFT_COMPILATION_MODE = wholemodule;
				SWIFT_EMIT_LOC_STRINGS = YES;
				SWIFT_VERSION = 5.0;
			};
			name = Release;
		};
		189D56DE85F89520581145D8 /* Debug */ = {
			isa = XCBuildConfiguration;
			buildSettings = {
				ALWAYS_SEARCH_USER_PATHS = NO;
				CLANG_ANALYZER_LOCALIZABILITY_NONLOCALIZED = YES;
				CLANG_ANALYZER_NONNULL = YES;
				CLANG_ANALYZER_NUMBER_OBJECT_CONVERSION = YES_AGGRESSIVE;
				CLANG_CXX_LANGUAGE_STANDARD = "gnu++20";
				CLANG_ENABLE_MODULES = YES;
				CLANG_ENABLE_OBJC_ARC = YES;
				CLANG_ENABLE_OBJC_WEAK = YES;
				CLANG_WARN_BLOCK_CAPTURE_AUTORELEASING = YES;
				CLANG_WARN_BOOL_CONVERSION = YES;
				CLANG_WARN_COMMA = YES;
				CLANG_WARN_CONSTANT_CONVERSION = YES;
				CLANG_WARN_DEPRECATED_OBJC_IMPLEMENTATIONS = YES;
				CLANG_WARN_DIRECT_OBJC_ISA_USAGE = YES_ERROR;
				CLANG_WARN_DOCUMENTATION_COMMENTS = YES;
				CLANG_WARN_EMPTY_BODY = YES;
				CLANG_WARN_ENUM_CONVERSION = YES;
				CLANG_WARN_INFINITE_RECURSION = YES;
				CLANG_WARN_INT_CONVERSION = YES;
				CLANG_WARN_NON_LITERAL_NULL_CONVERSION = YES;
				CLANG_WARN_OBJC_IMPLICIT_RETAIN_SELF = YES;
				CLANG_WARN_OBJC_LITERAL_CONVERSION = YES;
				CLANG_WARN_OBJC_ROOT_CLASS = YES_ERROR;
				CLANG_WARN_QUOTED_INCLUDE_IN_FRAMEWORK_HEADER = YES;
				CLANG_WARN_RANGE_LOOP_ANALYSIS = YES;
				CLANG_WARN_STRICT_PROTOTYPES = YES;
				CLANG_WARN_SUSPICIOUS_MOVE = YES;
				CLANG_WARN_UNGUARDED_AVAILABILITY = YES_AGGRESSIVE;
				CLANG_WARN_UNREACHABLE_CODE = YES;
				CLANG_WARN__DUPLICATE_METHOD_MATCH = YES;
				COPY_PHASE_STRIP = NO;
				DEAD_CODE_STRIPPING = YES;
				DEBUG_INFORMATION_FORMAT = dwarf;
				ENABLE_STRICT_OBJC_MSGSEND = YES;
				ENABLE_TESTABILITY = YES;
				ENABLE_USER_SCRIPT_SANDBOXING = YES;
				GCC_C_LANGUAGE_STANDARD = gnu17;
				GCC_DYNAMIC_NO_PIC = NO;
				GCC_NO_COMMON_BLOCKS = YES;
				GCC_OPTIMIZATION_LEVEL = 0;
				GCC_PREPROCESSOR_DEFINITIONS = (
					"DEBUG=1",
					"$(inherited)",
				);
				GCC_WARN_64_TO_32_BIT_CONVERSION = YES;
				GCC_WARN_ABOUT_RETURN_TYPE = YES_ERROR;
				GCC_WARN_UNDECLARED_SELECTOR = YES;
				GCC_WARN_UNINITIALIZED_AUTOS = YES_AGGRESSIVE;
				GCC_WARN_UNUSED_FUNCTION = YES;
				GCC_WARN_UNUSED_VARIABLE = YES;
				MACOSX_DEPLOYMENT_TARGET = 13.0;
				MTL_ENABLE_DEBUG_INFO = INCLUDE_SOURCE;
				MTL_FAST_MATH = YES;
				ONLY_ACTIVE_ARCH = YES;
				SDKROOT = macosx;
				STRING_CATALOG_GENERATE_SYMBOLS = YES;
				SWIFT_ACTIVE_COMPILATION_CONDITIONS = "DEBUG XCODE_APP";
				SWIFT_OPTIMIZATION_LEVEL = "-Onone";
				SWIFT_VERSION = 5.0;
			};
			name = Debug;
		};
		30547E9EC5F49CB55604B54F /* Release */ = {
			isa = XCBuildConfiguration;
			buildSettings = {
				ALWAYS_SEARCH_USER_PATHS = NO;
				CLANG_ANALYZER_LOCALIZABILITY_NONLOCALIZED = YES;
				CLANG_ANALYZER_NONNULL = YES;
				CLANG_ANALYZER_NUMBER_OBJECT_CONVERSION = YES_AGGRESSIVE;
				CLANG_CXX_LANGUAGE_STANDARD = "gnu++20";
				CLANG_ENABLE_MODULES = YES;
				CLANG_ENABLE_OBJC_ARC = YES;
				CLANG_ENABLE_OBJC_WEAK = YES;
				CLANG_WARN_BLOCK_CAPTURE_AUTORELEASING = YES;
				CLANG_WARN_BOOL_CONVERSION = YES;
				CLANG_WARN_COMMA = YES;
				CLANG_WARN_CONSTANT_CONVERSION = YES;
				CLANG_WARN_DEPRECATED_OBJC_IMPLEMENTATIONS = YES;
				CLANG_WARN_DIRECT_OBJC_ISA_USAGE = YES_ERROR;
				CLANG_WARN_DOCUMENTATION_COMMENTS = YES;
				CLANG_WARN_EMPTY_BODY = YES;
				CLANG_WARN_ENUM_CONVERSION = YES;
				CLANG_WARN_INFINITE_RECURSION = YES;
				CLANG_WARN_INT_CONVERSION = YES;
				CLANG_WARN_NON_LITERAL_NULL_CONVERSION = YES;
				CLANG_WARN_OBJC_IMPLICIT_RETAIN_SELF = YES;
				CLANG_WARN_OBJC_LITERAL_CONVERSION = YES;
				CLANG_WARN_OBJC_ROOT_CLASS = YES_ERROR;
				CLANG_WARN_QUOTED_INCLUDE_IN_FRAMEWORK_HEADER = YES;
				CLANG_WARN_RANGE_LOOP_ANALYSIS = YES;
				CLANG_WARN_STRICT_PROTOTYPES = YES;
				CLANG_WARN_SUSPICIOUS_MOVE = YES;
				CLANG_WARN_UNGUARDED_AVAILABILITY = YES_AGGRESSIVE;
				CLANG_WARN_UNREACHABLE_CODE = YES;
				CLANG_WARN__DUPLICATE_METHOD_MATCH = YES;
				COPY_PHASE_STRIP = NO;
				DEAD_CODE_STRIPPING = YES;
				DEBUG_INFORMATION_FORMAT = "dwarf-with-dsym";
				ENABLE_STRICT_OBJC_MSGSEND = YES;
				ENABLE_TESTABILITY = NO;
				ENABLE_USER_SCRIPT_SANDBOXING = YES;
				GCC_C_LANGUAGE_STANDARD = gnu17;
				GCC_DYNAMIC_NO_PIC = NO;
				GCC_NO_COMMON_BLOCKS = YES;
				GCC_OPTIMIZATION_LEVEL = s;
				GCC_PREPROCESSOR_DEFINITIONS = "";
				GCC_WARN_64_TO_32_BIT_CONVERSION = YES;
				GCC_WARN_ABOUT_RETURN_TYPE = YES_ERROR;
				GCC_WARN_UNDECLARED_SELECTOR = YES;
				GCC_WARN_UNINITIALIZED_AUTOS = YES_AGGRESSIVE;
				GCC_WARN_UNUSED_FUNCTION = YES;
				GCC_WARN_UNUSED_VARIABLE = YES;
				MACOSX_DEPLOYMENT_TARGET = 13.0;
				MTL_ENABLE_DEBUG_INFO = NO;
				MTL_FAST_MATH = YES;
				ONLY_ACTIVE_ARCH = YES;
				SDKROOT = macosx;
				STRING_CATALOG_GENERATE_SYMBOLS = YES;
				SWIFT_ACTIVE_COMPILATION_CONDITIONS = XCODE_APP;
				SWIFT_OPTIMIZATION_LEVEL = "-O";
				SWIFT_VERSION = 5.0;
			};
			name = Release;
		};
		339F2120A275E8028CC42767 /* Debug */ = {
			isa = XCBuildConfiguration;
			buildSettings = {
				ASSETCATALOG_COMPILER_APPICON_NAME = AppIcon;
				CODE_SIGN_IDENTITY = "-";
				CODE_SIGN_STYLE = Automatic;
				COMBINE_HIDPI_IMAGES = YES;
				CURRENT_PROJECT_VERSION = 1;
				DEAD_CODE_STRIPPING = YES;
				DEVELOPMENT_TEAM = "";
				ENABLE_HARDENED_RUNTIME = YES;
				GENERATE_INFOPLIST_FILE = NO;
				INFOPLIST_FILE = Sources/FFmpegFreeSwiftUIApp/Resources/Info.plist;
				LD_RUNPATH_SEARCH_PATHS = (
					"$(inherited)",
					"@executable_path/../Frameworks",
				);
				MACOSX_DEPLOYMENT_TARGET = 13.0;
				MARKETING_VERSION = 1.0.0;
				PRODUCT_BUNDLE_IDENTIFIER = top.ffmpegfreeui.FFmpegFreeSwiftUI;
				PRODUCT_NAME = "$(TARGET_NAME)";
				SWIFT_EMIT_LOC_STRINGS = YES;
				SWIFT_VERSION = 5.0;
			};
			name = Debug;
		};
		B68000000000000000000001 /* Debug */ = {
			isa = XCBuildConfiguration;
			buildSettings = {
				ALWAYS_SEARCH_USER_PATHS = NO;
				BUNDLE_LOADER = "$(TEST_HOST)";
				CODE_SIGN_IDENTITY = "-";
				CODE_SIGN_STYLE = Automatic;
				COMBINE_HIDPI_IMAGES = YES;
				DEAD_CODE_STRIPPING = YES;
				DEVELOPMENT_TEAM = "";
				GENERATE_INFOPLIST_FILE = YES;
				INFOPLIST_KEY_CFBundleDisplayName = FFmpegFreeSwiftUICommandOnlyTests;
				LD_RUNPATH_SEARCH_PATHS = (
					"$(inherited)",
					"@executable_path/../Frameworks",
					"@loader_path/../Frameworks",
				);
				MACOSX_DEPLOYMENT_TARGET = 13.0;
				PRODUCT_BUNDLE_IDENTIFIER = top.ffmpegfreeui.FFmpegFreeSwiftUICommandOnlyTests;
				PRODUCT_NAME = "$(TARGET_NAME)";
				SDKROOT = macosx;
				SWIFT_ACTIVE_COMPILATION_CONDITIONS = "DEBUG XCODE_APP";
				SWIFT_EMIT_LOC_STRINGS = NO;
				SWIFT_OPTIMIZATION_LEVEL = "-Onone";
				SWIFT_VERSION = 5.0;
				TEST_HOST = "$(BUILT_PRODUCTS_DIR)/FFmpegFreeSwiftUI.app/Contents/MacOS/FFmpegFreeSwiftUI";
				WRAPPER_EXTENSION = xctest;
			};
			name = Debug;
		};
		B68000000000000000000002 /* Release */ = {
			isa = XCBuildConfiguration;
			buildSettings = {
				ALWAYS_SEARCH_USER_PATHS = NO;
				BUNDLE_LOADER = "$(TEST_HOST)";
				CODE_SIGN_IDENTITY = "-";
				CODE_SIGN_STYLE = Automatic;
				COMBINE_HIDPI_IMAGES = YES;
				DEAD_CODE_STRIPPING = YES;
				DEVELOPMENT_TEAM = "";
				GENERATE_INFOPLIST_FILE = YES;
				INFOPLIST_KEY_CFBundleDisplayName = FFmpegFreeSwiftUICommandOnlyTests;
				LD_RUNPATH_SEARCH_PATHS = (
					"$(inherited)",
					"@executable_path/../Frameworks",
					"@loader_path/../Frameworks",
				);
				MACOSX_DEPLOYMENT_TARGET = 13.0;
				PRODUCT_BUNDLE_IDENTIFIER = top.ffmpegfreeui.FFmpegFreeSwiftUICommandOnlyTests;
				PRODUCT_NAME = "$(TARGET_NAME)";
				SDKROOT = macosx;
				SWIFT_COMPILATION_MODE = wholemodule;
				SWIFT_EMIT_LOC_STRINGS = NO;
				SWIFT_OPTIMIZATION_LEVEL = "-O";
				SWIFT_VERSION = 5.0;
				TEST_HOST = "$(BUILT_PRODUCTS_DIR)/FFmpegFreeSwiftUI.app/Contents/MacOS/FFmpegFreeSwiftUI";
				WRAPPER_EXTENSION = xctest;
			};
			name = Release;
		};
		B68000000000000000000003 /* Debug */ = {
			isa = XCBuildConfiguration;
			buildSettings = {
				ALWAYS_SEARCH_USER_PATHS = NO;
				BUNDLE_LOADER = "$(TEST_HOST)";
				CODE_SIGN_IDENTITY = "-";
				CODE_SIGN_STYLE = Automatic;
				COMBINE_HIDPI_IMAGES = YES;
				DEAD_CODE_STRIPPING = YES;
				DEVELOPMENT_TEAM = "";
				GENERATE_INFOPLIST_FILE = YES;
				INFOPLIST_KEY_CFBundleDisplayName = FFmpegFreeSwiftUIFFmpegTests;
				LD_RUNPATH_SEARCH_PATHS = (
					"$(inherited)",
					"@executable_path/../Frameworks",
					"@loader_path/../Frameworks",
				);
				MACOSX_DEPLOYMENT_TARGET = 13.0;
				PRODUCT_BUNDLE_IDENTIFIER = top.ffmpegfreeui.FFmpegFreeSwiftUIFFmpegTests;
				PRODUCT_NAME = "$(TARGET_NAME)";
				SDKROOT = macosx;
				SWIFT_ACTIVE_COMPILATION_CONDITIONS = "DEBUG XCODE_APP";
				SWIFT_EMIT_LOC_STRINGS = NO;
				SWIFT_OPTIMIZATION_LEVEL = "-Onone";
				SWIFT_VERSION = 5.0;
				TEST_HOST = "$(BUILT_PRODUCTS_DIR)/FFmpegFreeSwiftUI.app/Contents/MacOS/FFmpegFreeSwiftUI";
				WRAPPER_EXTENSION = xctest;
			};
			name = Debug;
		};
		B68000000000000000000004 /* Release */ = {
			isa = XCBuildConfiguration;
			buildSettings = {
				ALWAYS_SEARCH_USER_PATHS = NO;
				BUNDLE_LOADER = "$(TEST_HOST)";
				CODE_SIGN_IDENTITY = "-";
				CODE_SIGN_STYLE = Automatic;
				COMBINE_HIDPI_IMAGES = YES;
				DEAD_CODE_STRIPPING = YES;
				DEVELOPMENT_TEAM = "";
				GENERATE_INFOPLIST_FILE = YES;
				INFOPLIST_KEY_CFBundleDisplayName = FFmpegFreeSwiftUIFFmpegTests;
				LD_RUNPATH_SEARCH_PATHS = (
					"$(inherited)",
					"@executable_path/../Frameworks",
					"@loader_path/../Frameworks",
				);
				MACOSX_DEPLOYMENT_TARGET = 13.0;
				PRODUCT_BUNDLE_IDENTIFIER = top.ffmpegfreeui.FFmpegFreeSwiftUIFFmpegTests;
				PRODUCT_NAME = "$(TARGET_NAME)";
				SDKROOT = macosx;
				SWIFT_COMPILATION_MODE = wholemodule;
				SWIFT_EMIT_LOC_STRINGS = NO;
				SWIFT_OPTIMIZATION_LEVEL = "-O";
				SWIFT_VERSION = 5.0;
				TEST_HOST = "$(BUILT_PRODUCTS_DIR)/FFmpegFreeSwiftUI.app/Contents/MacOS/FFmpegFreeSwiftUI";
				WRAPPER_EXTENSION = xctest;
			};
			name = Release;
		};
/* End XCBuildConfiguration section */

/* Begin XCConfigurationList section */
		3A95AC35104CF9E1A07B0B74 /* Build configuration list for PBXProject "FFmpegFreeSwiftUI" */ = {
			isa = XCConfigurationList;
			buildConfigurations = (
				189D56DE85F89520581145D8 /* Debug */,
				30547E9EC5F49CB55604B54F /* Release */,
			);
			defaultConfigurationIsVisible = 0;
			defaultConfigurationName = Release;
		};
		B69000000000000000000001 /* Build configuration list for PBXNativeTarget "FFmpegFreeSwiftUICommandOnlyTests" */ = {
			isa = XCConfigurationList;
			buildConfigurations = (
				B68000000000000000000001 /* Debug */,
				B68000000000000000000002 /* Release */,
			);
			defaultConfigurationIsVisible = 0;
			defaultConfigurationName = Release;
		};
		B69000000000000000000002 /* Build configuration list for PBXNativeTarget "FFmpegFreeSwiftUIFFmpegTests" */ = {
			isa = XCConfigurationList;
			buildConfigurations = (
				B68000000000000000000003 /* Debug */,
				B68000000000000000000004 /* Release */,
			);
			defaultConfigurationIsVisible = 0;
			defaultConfigurationName = Release;
		};
		DDC96F7C1D62EA89141E06E0 /* Build configuration list for PBXNativeTarget "FFmpegFreeSwiftUI" */ = {
			isa = XCConfigurationList;
			buildConfigurations = (
				339F2120A275E8028CC42767 /* Debug */,
				17234DA728CB8FFFA593E13A /* Release */,
			);
			defaultConfigurationIsVisible = 0;
			defaultConfigurationName = Release;
		};
/* End XCConfigurationList section */
	};
	rootObject = 46F86FAA6BBF9AC94A7E4595 /* Project object */;
}
